github.com/rs/dnscache v0.0.0-20190621150935-06bb5526f76b h1:vQr7k9nLapW7xKl8qYc6+S5VHuhvdDF1vVzTFbWrptE=
github.com/rs/dnscache v0.0.0-20190621150935-06bb5526f76b/go.mod h1:qe5TWALJ8/a1Lqznoc5BDHpYX/8HU60Hm2AwRmqzxqA=
golang.org/x/sync v0.0.0-20190423024810-112230192c58 h1:8gQV6CLnAEikrhgkHFbMAEhagSSnXWGV915qUMm9mrU=
golang.org/x/sync v0.0.0-20190423024810-112230192c58/go.mod h1:RxMgew5VJxzue5/jJTE5uejpjVlOe/izrB70Jof72aM=
